
Microsoft Visual Studio Solution File, Format Version 12.00
# Visual Studio 15
VisualStudioVersion = 15.0.27703.2047
MinimumVisualStudioVersion = 10.0.40219.1
Project("{FAE04EC0-301F-11D3-BF4B-00C04F79EFBC}") = "Presentacion", "Clase2\Presentacion.csproj", "{CBCBDCDF-D75F-486F-A77C-13919C41091E}"
EndProject
Project("{FAE04EC0-301F-11D3-BF4B-00C04F79EFBC}") = "Dominio", "Dominio\Dominio.csproj", "{188D9AB1-934D-40F0-9C5D-15D91DDC8A86}"
EndProject
Global
	GlobalSection(SolutionConfigurationPlatforms) = preSolution
		Debug|Any CPU = Debug|Any CPU
		Release|Any CPU = Release|Any CPU
	EndGlobalSection
	GlobalSection(ProjectConfigurationPlatforms) = postSolution
		{CBCBDCDF-D75F-486F-A77C-13919C41091E}.Debug|Any CPU.ActiveCfg = Debug|Any CPU
		{CBCBDCDF-D75F-486F-A77C-13919C41091E}.Debug|Any CPU.Build.0 = Debug|Any CPU
		{CBCBDCDF-D75F-486F-A77C-13919C41091E}.Release|Any CPU.ActiveCfg = Release|Any CPU
		{CBCBDCDF-D75F-486F-A77C-13919C41091E}.Release|Any CPU.Build.0 = Release|Any CPU
		{188D9AB1-934D-40F0-9C5D-15D91DDC8A86}.Debug|Any CPU.ActiveCfg = Debug|Any CPU
		{188D9AB1-934D-40F0-9C5D-15D91DDC8A86}.Debug|Any CPU.Build.0 = Debug|Any CPU
		{188D9AB1-934D-40F0-9C5D-15D91DDC8A86}.Release|Any CPU.ActiveCfg = Release|Any CPU
		{188D9AB1-934D-40F0-9C5D-15D91DDC8A86}.Release|Any CPU.Build.0 = Release|Any CPU
	EndGlobalSection
	GlobalSection(SolutionProperties) = preSolution
		HideSolutionNode = FALSE
	EndGlobalSection
	GlobalSection(ExtensibilityGlobals) = postSolution
		SolutionGuid = {AD0E3E3F-6007-4CBE-B7EB-393B2A83E1B9}
	EndGlobalSection
EndGlobal
